
Microsoft Visual Studio Solution File, Format Version 12.00
# Visual Studio Version 17
VisualStudioVersion = 17.11.35125.118
MinimumVisualStudioVersion = 10.0.40219.1
Project("{FAE04EC0-301F-11D3-BF4B-00C04F79EFBC}") = "AuthenticationApplication", "AuthenticationApplication\AuthenticationApplication.csproj", "{11433C07-1305-4453-8864-F7BD8602F34B}"
EndProject
Global
	GlobalSection(SolutionConfigurationPlatforms) = preSolution
		Debug|Any CPU = Debug|Any CPU
		Release|Any CPU = Release|Any CPU
	EndGlobalSection
	GlobalSection(ProjectConfigurationPlatforms) = postSolution
		{11433C07-1305-4453-8864-F7BD8602F34B}.Debug|Any CPU.ActiveCfg = Debug|Any CPU
		{11433C07-1305-4453-8864-F7BD8602F34B}.Debug|Any CPU.Build.0 = Debug|Any CPU
		{11433C07-1305-4453-8864-F7BD8602F34B}.Release|Any CPU.ActiveCfg = Release|Any CPU
		{11433C07-1305-4453-8864-F7BD8602F34B}.Release|Any CPU.Build.0 = Release|Any CPU
	EndGlobalSection
	GlobalSection(SolutionProperties) = preSolution
		HideSolutionNode = FALSE
	EndGlobalSection
	GlobalSection(ExtensibilityGlobals) = postSolution
		SolutionGuid = {E6CE8D4D-0576-46C8-B223-F4DF318B0B63}
	EndGlobalSection
EndGlobal
