
Microsoft Visual Studio Solution File, Format Version 12.00
# Visual Studio Version 17
VisualStudioVersion = 17.10.34902.84
MinimumVisualStudioVersion = 10.0.40219.1
Project("{FAE04EC0-301F-11D3-BF4B-00C04F79EFBC}") = "List", "List.csproj", "{1C3459AA-C190-4119-9D32-576FB1E5B632}"
EndProject
Global
	GlobalSection(SolutionConfigurationPlatforms) = preSolution
		Debug|Any CPU = Debug|Any CPU
		Release|Any CPU = Release|Any CPU
	EndGlobalSection
	GlobalSection(ProjectConfigurationPlatforms) = postSolution
		{1C3459AA-C190-4119-9D32-576FB1E5B632}.Debug|Any CPU.ActiveCfg = Debug|Any CPU
		{1C3459AA-C190-4119-9D32-576FB1E5B632}.Debug|Any CPU.Build.0 = Debug|Any CPU
		{1C3459AA-C190-4119-9D32-576FB1E5B632}.Release|Any CPU.ActiveCfg = Release|Any CPU
		{1C3459AA-C190-4119-9D32-576FB1E5B632}.Release|Any CPU.Build.0 = Release|Any CPU
	EndGlobalSection
	GlobalSection(SolutionProperties) = preSolution
		HideSolutionNode = FALSE
	EndGlobalSection
	GlobalSection(ExtensibilityGlobals) = postSolution
		SolutionGuid = {15733D9D-9C15-4A43-905F-E375D0A3B922}
	EndGlobalSection
EndGlobal
