
Microsoft Visual Studio Solution File, Format Version 12.00
# Visual Studio Version 17
VisualStudioVersion = 17.11.35017.193
MinimumVisualStudioVersion = 10.0.40219.1
Project("{9A19103F-16F7-4668-BE54-9A1E7A4F7556}") = "GenericAdo", "GenericAdo.csproj", "{B2C632DA-8056-4B24-B64D-C6B5D4883B5F}"
EndProject
Project("{9A19103F-16F7-4668-BE54-9A1E7A4F7556}") = "AdoGenericServices", "..\AdoGenericServices\AdoGenericServices.csproj", "{F8761A26-9DCD-4BED-9EB0-15FA266FF266}"
EndProject
Project("{54435603-DBB4-11D2-8724-00A0C9A8B90C}") = "AdoSetup", "..\AdoSetup\AdoSetup.vdproj", "{5AA8E715-603C-4589-BFDC-8003419E1B02}"
EndProject
Global
	GlobalSection(SolutionConfigurationPlatforms) = preSolution
		Debug|Any CPU = Debug|Any CPU
		Release|Any CPU = Release|Any CPU
	EndGlobalSection
	GlobalSection(ProjectConfigurationPlatforms) = postSolution
		{B2C632DA-8056-4B24-B64D-C6B5D4883B5F}.Debug|Any CPU.ActiveCfg = Debug|Any CPU
		{B2C632DA-8056-4B24-B64D-C6B5D4883B5F}.Debug|Any CPU.Build.0 = Debug|Any CPU
		{B2C632DA-8056-4B24-B64D-C6B5D4883B5F}.Release|Any CPU.ActiveCfg = Release|Any CPU
		{B2C632DA-8056-4B24-B64D-C6B5D4883B5F}.Release|Any CPU.Build.0 = Release|Any CPU
		{F8761A26-9DCD-4BED-9EB0-15FA266FF266}.Debug|Any CPU.ActiveCfg = Debug|Any CPU
		{F8761A26-9DCD-4BED-9EB0-15FA266FF266}.Debug|Any CPU.Build.0 = Debug|Any CPU
		{F8761A26-9DCD-4BED-9EB0-15FA266FF266}.Release|Any CPU.ActiveCfg = Release|Any CPU
		{F8761A26-9DCD-4BED-9EB0-15FA266FF266}.Release|Any CPU.Build.0 = Release|Any CPU
		{5AA8E715-603C-4589-BFDC-8003419E1B02}.Debug|Any CPU.ActiveCfg = Debug
		{5AA8E715-603C-4589-BFDC-8003419E1B02}.Release|Any CPU.ActiveCfg = Release
	EndGlobalSection
	GlobalSection(SolutionProperties) = preSolution
		HideSolutionNode = FALSE
	EndGlobalSection
	GlobalSection(ExtensibilityGlobals) = postSolution
		SolutionGuid = {1C14B801-5827-438F-8B13-0AB02D18F199}
	EndGlobalSection
EndGlobal
