
Microsoft Visual Studio Solution File, Format Version 12.00
# Visual Studio Version 17
VisualStudioVersion = 17.10.34902.84
MinimumVisualStudioVersion = 10.0.40219.1
Project("{FAE04EC0-301F-11D3-BF4B-00C04F79EFBC}") = "ifelse", "ifelse.csproj", "{3CFE05E1-EDEB-452C-9F94-F5D4B9558705}"
EndProject
Project("{FAE04EC0-301F-11D3-BF4B-00C04F79EFBC}") = "task", "..\task\task.csproj", "{9EEAF227-D0F9-408A-9B0D-60DD21C18C58}"
EndProject
Global
	GlobalSection(SolutionConfigurationPlatforms) = preSolution
		Debug|Any CPU = Debug|Any CPU
		Release|Any CPU = Release|Any CPU
	EndGlobalSection
	GlobalSection(ProjectConfigurationPlatforms) = postSolution
		{3CFE05E1-EDEB-452C-9F94-F5D4B9558705}.Debug|Any CPU.ActiveCfg = Debug|Any CPU
		{3CFE05E1-EDEB-452C-9F94-F5D4B9558705}.Debug|Any CPU.Build.0 = Debug|Any CPU
		{3CFE05E1-EDEB-452C-9F94-F5D4B9558705}.Release|Any CPU.ActiveCfg = Release|Any CPU
		{3CFE05E1-EDEB-452C-9F94-F5D4B9558705}.Release|Any CPU.Build.0 = Release|Any CPU
		{9EEAF227-D0F9-408A-9B0D-60DD21C18C58}.Debug|Any CPU.ActiveCfg = Debug|Any CPU
		{9EEAF227-D0F9-408A-9B0D-60DD21C18C58}.Debug|Any CPU.Build.0 = Debug|Any CPU
		{9EEAF227-D0F9-408A-9B0D-60DD21C18C58}.Release|Any CPU.ActiveCfg = Release|Any CPU
		{9EEAF227-D0F9-408A-9B0D-60DD21C18C58}.Release|Any CPU.Build.0 = Release|Any CPU
	EndGlobalSection
	GlobalSection(SolutionProperties) = preSolution
		HideSolutionNode = FALSE
	EndGlobalSection
	GlobalSection(ExtensibilityGlobals) = postSolution
		SolutionGuid = {5AFC0D7F-5BE9-467C-AFC7-8C6C45828F49}
	EndGlobalSection
EndGlobal
