
Microsoft Visual Studio Solution File, Format Version 12.00
# Visual Studio Version 17
VisualStudioVersion = 17.11.35208.52
MinimumVisualStudioVersion = 10.0.40219.1
Project("{FAE04EC0-301F-11D3-BF4B-00C04F79EFBC}") = "LabTask", "LabTask\LabTask.csproj", "{FF449BEE-9AA4-4FAD-98AF-0AE35250200D}"
EndProject
Global
	GlobalSection(SolutionConfigurationPlatforms) = preSolution
		Debug|Any CPU = Debug|Any CPU
		Release|Any CPU = Release|Any CPU
	EndGlobalSection
	GlobalSection(ProjectConfigurationPlatforms) = postSolution
		{FF449BEE-9AA4-4FAD-98AF-0AE35250200D}.Debug|Any CPU.ActiveCfg = Debug|Any CPU
		{FF449BEE-9AA4-4FAD-98AF-0AE35250200D}.Debug|Any CPU.Build.0 = Debug|Any CPU
		{FF449BEE-9AA4-4FAD-98AF-0AE35250200D}.Release|Any CPU.ActiveCfg = Release|Any CPU
		{FF449BEE-9AA4-4FAD-98AF-0AE35250200D}.Release|Any CPU.Build.0 = Release|Any CPU
	EndGlobalSection
	GlobalSection(SolutionProperties) = preSolution
		HideSolutionNode = FALSE
	EndGlobalSection
	GlobalSection(ExtensibilityGlobals) = postSolution
		SolutionGuid = {9C42BB8F-1EBF-470A-9D56-72E4B4D30717}
	EndGlobalSection
EndGlobal
