
Microsoft Visual Studio Solution File, Format Version 12.00
# Visual Studio Version 17
VisualStudioVersion = 17.9.34728.123
MinimumVisualStudioVersion = 10.0.40219.1
Project("{FAE04EC0-301F-11D3-BF4B-00C04F79EFBC}") = "LabProniaTask.MVC", "LabProniaTask.MVC\LabProniaTask.MVC.csproj", "{768AF116-6DCC-414A-B9AA-DD6360DF7F48}"
EndProject
Global
	GlobalSection(SolutionConfigurationPlatforms) = preSolution
		Debug|Any CPU = Debug|Any CPU
		Release|Any CPU = Release|Any CPU
	EndGlobalSection
	GlobalSection(ProjectConfigurationPlatforms) = postSolution
		{768AF116-6DCC-414A-B9AA-DD6360DF7F48}.Debug|Any CPU.ActiveCfg = Debug|Any CPU
		{768AF116-6DCC-414A-B9AA-DD6360DF7F48}.Debug|Any CPU.Build.0 = Debug|Any CPU
		{768AF116-6DCC-414A-B9AA-DD6360DF7F48}.Release|Any CPU.ActiveCfg = Release|Any CPU
		{768AF116-6DCC-414A-B9AA-DD6360DF7F48}.Release|Any CPU.Build.0 = Release|Any CPU
	EndGlobalSection
	GlobalSection(SolutionProperties) = preSolution
		HideSolutionNode = FALSE
	EndGlobalSection
	GlobalSection(ExtensibilityGlobals) = postSolution
		SolutionGuid = {DB0689A1-C90B-4751-BAC9-FF6FF4B20BA5}
	EndGlobalSection
EndGlobal
