
Microsoft Visual Studio Solution File, Format Version 12.00
# Visual Studio Version 17
VisualStudioVersion = 17.10.34902.84
MinimumVisualStudioVersion = 10.0.40219.1
Project("{FAE04EC0-301F-11D3-BF4B-00C04F79EFBC}") = "Abstarct", "Abstarct.csproj", "{4E6251D9-9DBA-4BB8-8AD6-7FAEA38382C1}"
EndProject
Global
	GlobalSection(SolutionConfigurationPlatforms) = preSolution
		Debug|Any CPU = Debug|Any CPU
		Release|Any CPU = Release|Any CPU
	EndGlobalSection
	GlobalSection(ProjectConfigurationPlatforms) = postSolution
		{4E6251D9-9DBA-4BB8-8AD6-7FAEA38382C1}.Debug|Any CPU.ActiveCfg = Debug|Any CPU
		{4E6251D9-9DBA-4BB8-8AD6-7FAEA38382C1}.Debug|Any CPU.Build.0 = Debug|Any CPU
		{4E6251D9-9DBA-4BB8-8AD6-7FAEA38382C1}.Release|Any CPU.ActiveCfg = Release|Any CPU
		{4E6251D9-9DBA-4BB8-8AD6-7FAEA38382C1}.Release|Any CPU.Build.0 = Release|Any CPU
	EndGlobalSection
	GlobalSection(SolutionProperties) = preSolution
		HideSolutionNode = FALSE
	EndGlobalSection
	GlobalSection(ExtensibilityGlobals) = postSolution
		SolutionGuid = {62CF8D52-376C-4B32-A6CD-9FD325A3F0D8}
	EndGlobalSection
EndGlobal
